// !$*UTF8*$!
{
	archiveVersion = 1;
	classes = {
	};
	objectVersion = 46;
	objects = {

/* Begin PBXBuildFile section */
		EA7B6EEE1D0E86BF00D772EA /* AppDelegate.swift in Sources */ = {isa = PBXBuildFile; fileRef = EA7B6EED1D0E86BF00D772EA /* AppDelegate.swift */; };
		EA7B6EF01D0E86C000D772EA /* Assets.xcassets in Resources */ = {isa = PBXBuildFile; fileRef = EA7B6EEF1D0E86C000D772EA /* Assets.xcassets */; };
		EA7B6EF31D0E86C000D772EA /* MainMenu.xib in Resources */ = {isa = PBXBuildFile; fileRef = EA7B6EF11D0E86C000D772EA /* MainMenu.xib */; };
/* End PBXBuildFile section */

/* Begin PBXFileReference section */
		EA7B6EEA1D0E86BF00D772EA /* KBTPDisabler.app */ = {isa = PBXFileReference; explicitFileType = wrapper.application; includeInIndex = 0; path = KBTPDisabler.app; sourceTree = BUILT_PRODUCTS_DIR; };
		EA7B6EED1D0E86BF00D772EA /* AppDelegate.swift */ = {isa = PBXFileReference; lastKnownFileType = sourcecode.swift; path = AppDelegate.swift; sourceTree = "<group>"; };
		EA7B6EEF1D0E86C000D772EA /* Assets.xcassets */ = {isa = PBXFileReference; lastKnownFileType = folder.assetcatalog; path = Assets.xcassets; sourceTree = "<group>"; };
		EA7B6EF21D0E86C000D772EA /* Base */ = {isa = PBXFileReference; lastKnownFileType = file.xib; name = Base; path = Base.lproj/MainMenu.xib; sourceTree = "<group>"; };
		EA7B6EF41D0E86C000D772EA /* Info.plist */ = {isa = PBXFileReference; lastKnownFileType = text.plist.xml; path = Info.plist; sourceTree = "<group>"; };
/* End PBXFileReference section */

/* Begin PBXFrameworksBuildPhase section */
		EA7B6EE71D0E86BF00D772EA /* Frameworks */ = {
			isa = PBXFrameworksBuildPhase;
			buildActionMask = 2147483647;
			files = (
			);
			runOnlyForDeploymentPostprocessing = 0;
		};
/* End PBXFrameworksBuildPhase section */

/* Begin PBXGroup section */
		EA7B6EE11D0E86BF00D772EA = {
			isa = PBXGroup;
			children = (
				EA7B6EEC1D0E86BF00D772EA /* KBTPDisabler */,
				EA7B6EEB1D0E86BF00D772EA /* Products */,
			);
			sourceTree = "<group>";
		};
		EA7B6EEB1D0E86BF00D772EA /* Products */ = {
			isa = PBXGroup;
			children = (
				EA7B6EEA1D0E86BF00D772EA /* KBTPDisabler.app */,
			);
			name = Products;
			sourceTree = "<group>";
		};
		EA7B6EEC1D0E86BF00D772EA /* KBTPDisabler */ = {
			isa = PBXGroup;
			children = (
				EA7B6EED1D0E86BF00D772EA /* AppDelegate.swift */,
				EA7B6EEF1D0E86C000D772EA /* Assets.xcassets */,
				EA7B6EF11D0E86C000D772EA /* MainMenu.xib */,
				EA7B6EF41D0E86C000D772EA /* Info.plist */,
			);
			path = KBTPDisabler;
			sourceTree = "<group>";
		};
/* End PBXGroup section */

/* Begin PBXNativeTarget section */
		EA7B6EE91D0E86BF00D772EA /* KBTPDisabler */ = {
			isa = PBXNativeTarget;
			buildConfigurationList = EA7B6EF71D0E86C000D772EA /* Build configuration list for PBXNativeTarget "KBTPDisabler" */;
			buildPhases = (
				EA7B6EE61D0E86BF00D772EA /* Sources */,
				EA7B6EE71D0E86BF00D772EA /* Frameworks */,
				EA7B6EE81D0E86BF00D772EA /* Resources */,
			);
			buildRules = (
			);
			dependencies = (
			);
			name = KBTPDisabler;
			productName = KBTPDisabler;
			productReference = EA7B6EEA1D0E86BF00D772EA /* KBTPDisabler.app */;
			productType = "com.apple.product-type.application";
		};
/* End PBXNativeTarget section */

/* Begin PBXProject section */
		EA7B6EE21D0E86BF00D772EA /* Project object */ = {
			isa = PBXProject;
			attributes = {
				LastSwiftUpdateCheck = 0730;
				LastUpgradeCheck = 0730;
				ORGANIZATIONNAME = "Duc Ho";
				TargetAttributes = {
					EA7B6EE91D0E86BF00D772EA = {
						CreatedOnToolsVersion = 7.3.1;
					};
				};
			};
			buildConfigurationList = EA7B6EE51D0E86BF00D772EA /* Build configuration list for PBXProject "KBTPDisabler" */;
			compatibilityVersion = "Xcode 3.2";
			developmentRegion = English;
			hasScannedForEncodings = 0;
			knownRegions = (
				en,
				Base,
			);
			mainGroup = EA7B6EE11D0E86BF00D772EA;
			productRefGroup = EA7B6EEB1D0E86BF00D772EA /* Products */;
			projectDirPath = "";
			projectRoot = "";
			targets = (
				EA7B6EE91D0E86BF00D772EA /* KBTPDisabler */,
			);
		};
/* End PBXProject section */

/* Begin PBXResourcesBuildPhase section */
		EA7B6EE81D0E86BF00D772EA /* Resources */ = {
			isa = PBXResourcesBuildPhase;
			buildActionMask = 2147483647;
			files = (
				EA7B6EF01D0E86C000D772EA /* Assets.xcassets in Resources */,
				EA7B6EF31D0E86C000D772EA /* MainMenu.xib in Resources */,
			);
			runOnlyForDeploymentPostprocessing = 0;
		};
/* End PBXResourcesBuildPhase section */

/* Begin PBXSourcesBuildPhase section */
		EA7B6EE61D0E86BF00D772EA /* Sources */ = {
			isa = PBXSourcesBuildPhase;
			buildActionMask = 2147483647;
			files = (
				EA7B6EEE1D0E86BF00D772EA /* AppDelegate.swift in Sources */,
			);
			runOnlyForDeploymentPostprocessing = 0;
		};
/* End PBXSourcesBuildPhase section */

/* Begin PBXVariantGroup section */
		EA7B6EF11D0E86C000D772EA /* MainMenu.xib */ = {
			isa = PBXVariantGroup;
			children = (
				EA7B6EF21D0E86C000D772EA /* Base */,
			);
			name = MainMenu.xib;
			sourceTree = "<group>";
		};
/* End PBXVariantGroup section */

/* Begin XCBuildConfiguration section */
		EA7B6EF51D0E86C000D772EA /* Debug */ = {
			isa = XCBuildConfiguration;
			buildSettings = {
				ALWAYS_SEARCH_USER_PATHS = NO;
				CLANG_ANALYZER_NONNULL = YES;
				CLANG_CXX_LANGUAGE_STANDARD = "gnu++0x";
				CLANG_CXX_LIBRARY = "libc++";
				CLANG_ENABLE_MODULES = YES;
				CLANG_ENABLE_OBJC_ARC = YES;
				CLANG_WARN_BOOL_CONVERSION = YES;
				CLANG_WARN_CONSTANT_CONVERSION = YES;
				CLANG_WARN_DIRECT_OBJC_ISA_USAGE = YES_ERROR;
				CLANG_WARN_EMPTY_BODY = YES;
				CLANG_WARN_ENUM_CONVERSION = YES;
				CLANG_WARN_INT_CONVERSION = YES;
				CLANG_WARN_OBJC_ROOT_CLASS = YES_ERROR;
				CLANG_WARN_UNREACHABLE_CODE = YES;
				CLANG_WARN__DUPLICATE_METHOD_MATCH = YES;
				CODE_SIGN_IDENTITY = "-";
				COPY_PHASE_STRIP = NO;
				DEBUG_INFORMATION_FORMAT = dwarf;
				ENABLE_STRICT_OBJC_MSGSEND = YES;
				ENABLE_TESTABILITY = YES;
				GCC_C_LANGUAGE_STANDARD = gnu99;
				GCC_DYNAMIC_NO_PIC = NO;
				GCC_NO_COMMON_BLOCKS = YES;
				GCC_OPTIMIZATION_LEVEL = 0;
				GCC_PREPROCESSOR_DEFINITIONS = (
					"DEBUG=1",
					"$(inherited)",
				);
				GCC_WARN_64_TO_32_BIT_CONVERSION = YES;
				GCC_WARN_ABOUT_RETURN_TYPE = YES_ERROR;
				GCC_WARN_UNDECLARED_SELECTOR = YES;
				GCC_WARN_UNINITIALIZED_AUTOS = YES_AGGRESSIVE;
				GCC_WARN_UNUSED_FUNCTION = YES;
				GCC_WARN_UNUSED_VARIABLE = YES;
				MACOSX_DEPLOYMENT_TARGET = 10.11;
				MTL_ENABLE_DEBUG_INFO = YES;
				ONLY_ACTIVE_ARCH = YES;
				SDKROOT = macosx;
				SWIFT_OPTIMIZATION_LEVEL = "-Onone";
			};
			name = Debug;
		};
		EA7B6EF61D0E86C000D772EA /* Release */ = {
			isa = XCBuildConfiguration;
			buildSettings = {
				ALWAYS_SEARCH_USER_PATHS = NO;
				CLANG_ANALYZER_NONNULL = YES;
				CLANG_CXX_LANGUAGE_STANDARD = "gnu++0x";
				CLANG_CXX_LIBRARY = "libc++";
				CLANG_ENABLE_MODULES = YES;
				CLANG_ENABLE_OBJC_ARC = YES;
				CLANG_WARN_BOOL_CONVERSION = YES;
				CLANG_WARN_CONSTANT_CONVERSION = YES;
				CLANG_WARN_DIRECT_OBJC_ISA_USAGE = YES_ERROR;
				CLANG_WARN_EMPTY_BODY = YES;
				CLANG_WARN_ENUM_CONVERSION = YES;
				CLANG_WARN_INT_CONVERSION = YES;
				CLANG_WARN_OBJC_ROOT_CLASS = YES_ERROR;
				CLANG_WARN_UNREACHABLE_CODE = YES;
				CLANG_WARN__DUPLICATE_METHOD_MATCH = YES;
				CODE_SIGN_IDENTITY = "-";
				COPY_PHASE_STRIP = NO;
				DEBUG_INFORMATION_FORMAT = "dwarf-with-dsym";
				ENABLE_NS_ASSERTIONS = NO;
				ENABLE_STRICT_OBJC_MSGSEND = YES;
				GCC_C_LANGUAGE_STANDARD = gnu99;
				GCC_NO_COMMON_BLOCKS = YES;
				GCC_WARN_64_TO_32_BIT_CONVERSION = YES;
				GCC_WARN_ABOUT_RETURN_TYPE = YES_ERROR;
				GCC_WARN_UNDECLARED_SELECTOR = YES;
				GCC_WARN_UNINITIALIZED_AUTOS = YES_AGGRESSIVE;
				GCC_WARN_UNUSED_FUNCTION = YES;
				GCC_WARN_UNUSED_VARIABLE = YES;
				MACOSX_DEPLOYMENT_TARGET = 10.11;
				MTL_ENABLE_DEBUG_INFO = NO;
				SDKROOT = macosx;
			};
			name = Release;
		};
		EA7B6EF81D0E86C000D772EA /* Debug */ = {
			isa = XCBuildConfiguration;
			buildSettings = {
				ASSETCATALOG_COMPILER_APPICON_NAME = AppIcon;
				COMBINE_HIDPI_IMAGES = YES;
				INFOPLIST_FILE = KBTPDisabler/Info.plist;
				LD_RUNPATH_SEARCH_PATHS = "$(inherited) @executable_path/../Frameworks";
				PRODUCT_BUNDLE_IDENTIFIER = ducho.KBTPDisabler;
				PRODUCT_NAME = "$(TARGET_NAME)";
			};
			name = Debug;
		};
		EA7B6EF91D0E86C000D772EA /* Release */ = {
			isa = XCBuildConfiguration;
			buildSettings = {
				ASSETCATALOG_COMPILER_APPICON_NAME = AppIcon;
				COMBINE_HIDPI_IMAGES = YES;
				INFOPLIST_FILE = KBTPDisabler/Info.plist;
				LD_RUNPATH_SEARCH_PATHS = "$(inherited) @executable_path/../Frameworks";
				PRODUCT_BUNDLE_IDENTIFIER = ducho.KBTPDisabler;
				PRODUCT_NAME = "$(TARGET_NAME)";
			};
			name = Release;
		};
/* End XCBuildConfiguration section */

/* Begin XCConfigurationList section */
		EA7B6EE51D0E86BF00D772EA /* Build configuration list for PBXProject "KBTPDisabler" */ = {
			isa = XCConfigurationList;
			buildConfigurations = (
				EA7B6EF51D0E86C000D772EA /* Debug */,
				EA7B6EF61D0E86C000D772EA /* Release */,
			);
			defaultConfigurationIsVisible = 0;
			defaultConfigurationName = Release;
		};
		EA7B6EF71D0E86C000D772EA /* Build configuration list for PBXNativeTarget "KBTPDisabler" */ = {
			isa = XCConfigurationList;
			buildConfigurations = (
				EA7B6EF81D0E86C000D772EA /* Debug */,
				EA7B6EF91D0E86C000D772EA /* Release */,
			);
			defaultConfigurationIsVisible = 0;
		};
/* End XCConfigurationList section */
	};
	rootObject = EA7B6EE21D0E86BF00D772EA /* Project object */;
}
